
Microsoft Visual Studio Solution File, Format Version 12.00
# Visual Studio 15
VisualStudioVersion = 15.0.27004.2010
MinimumVisualStudioVersion = 10.0.40219.1
Project("{FAE04EC0-301F-11D3-BF4B-00C04F79EFBC}") = "Doclerholding", "Doclerholding\Doclerholding.csproj", "{BEB95E69-5FA4-43FD-BD59-61553F7473BC}"
EndProject
Global
	GlobalSection(SolutionConfigurationPlatforms) = preSolution
		Debug|Any CPU = Debug|Any CPU
		Release|Any CPU = Release|Any CPU
	EndGlobalSection
	GlobalSection(ProjectConfigurationPlatforms) = postSolution
		{BEB95E69-5FA4-43FD-BD59-61553F7473BC}.Debug|Any CPU.ActiveCfg = Debug|Any CPU
		{BEB95E69-5FA4-43FD-BD59-61553F7473BC}.Debug|Any CPU.Build.0 = Debug|Any CPU
		{BEB95E69-5FA4-43FD-BD59-61553F7473BC}.Release|Any CPU.ActiveCfg = Release|Any CPU
		{BEB95E69-5FA4-43FD-BD59-61553F7473BC}.Release|Any CPU.Build.0 = Release|Any CPU
	EndGlobalSection
	GlobalSection(SolutionProperties) = preSolution
		HideSolutionNode = FALSE
	EndGlobalSection
	GlobalSection(ExtensibilityGlobals) = postSolution
		SolutionGuid = {ECEEA3CC-11CE-4224-9FE6-354F22169354}
	EndGlobalSection
EndGlobal
